// !$*UTF8*$!
{
	archiveVersion = 1;
	classes = {
	};
	objectVersion = 50;
	objects = {

/* Begin PBXBuildFile section */
		D704BEC524F6B6A400F8AD9B /* LoadingScene.sks in Resources */ = {isa = PBXBuildFile; fileRef = D704BEC424F6B6A400F8AD9B /* LoadingScene.sks */; };
		D704BEC624F6B6A400F8AD9B /* LoadingScene.sks in Resources */ = {isa = PBXBuildFile; fileRef = D704BEC424F6B6A400F8AD9B /* LoadingScene.sks */; };
		D72F9A4C24E2C540003F2DDD /* MainMenu.swift in Sources */ = {isa = PBXBuildFile; fileRef = D72F9A4B24E2C540003F2DDD /* MainMenu.swift */; };
		D72F9A4D24E2C540003F2DDD /* MainMenu.swift in Sources */ = {isa = PBXBuildFile; fileRef = D72F9A4B24E2C540003F2DDD /* MainMenu.swift */; };
		D72F9A4F24E2C558003F2DDD /* LoadingScene.swift in Sources */ = {isa = PBXBuildFile; fileRef = D72F9A4E24E2C558003F2DDD /* LoadingScene.swift */; };
		D72F9A5024E2C558003F2DDD /* LoadingScene.swift in Sources */ = {isa = PBXBuildFile; fileRef = D72F9A4E24E2C558003F2DDD /* LoadingScene.swift */; };
		D72F9A5224E2C57D003F2DDD /* Level.swift in Sources */ = {isa = PBXBuildFile; fileRef = D72F9A5124E2C57D003F2DDD /* Level.swift */; };
		D72F9A5324E2C57D003F2DDD /* Level.swift in Sources */ = {isa = PBXBuildFile; fileRef = D72F9A5124E2C57D003F2DDD /* Level.swift */; };
		D72F9A5524E2C598003F2DDD /* Constants.swift in Sources */ = {isa = PBXBuildFile; fileRef = D72F9A5424E2C598003F2DDD /* Constants.swift */; };
		D72F9A5624E2C598003F2DDD /* Constants.swift in Sources */ = {isa = PBXBuildFile; fileRef = D72F9A5424E2C598003F2DDD /* Constants.swift */; };
		D72F9A5824E2C5AD003F2DDD /* Sound.swift in Sources */ = {isa = PBXBuildFile; fileRef = D72F9A5724E2C5AD003F2DDD /* Sound.swift */; };
		D72F9A5924E2C5AD003F2DDD /* Sound.swift in Sources */ = {isa = PBXBuildFile; fileRef = D72F9A5724E2C5AD003F2DDD /* Sound.swift */; };
		D72F9A5B24E2C5E7003F2DDD /* Setup.swift in Sources */ = {isa = PBXBuildFile; fileRef = D72F9A5A24E2C5E7003F2DDD /* Setup.swift */; };
		D72F9A5C24E2C5E7003F2DDD /* Setup.swift in Sources */ = {isa = PBXBuildFile; fileRef = D72F9A5A24E2C5E7003F2DDD /* Setup.swift */; };
		D72F9A5E24E2C602003F2DDD /* Tools.swift in Sources */ = {isa = PBXBuildFile; fileRef = D72F9A5D24E2C602003F2DDD /* Tools.swift */; };
		D72F9A5F24E2C602003F2DDD /* Tools.swift in Sources */ = {isa = PBXBuildFile; fileRef = D72F9A5D24E2C602003F2DDD /* Tools.swift */; };
		D72F9A6124E2C699003F2DDD /* Box.swift in Sources */ = {isa = PBXBuildFile; fileRef = D72F9A6024E2C699003F2DDD /* Box.swift */; };
		D72F9A6224E2C699003F2DDD /* Box.swift in Sources */ = {isa = PBXBuildFile; fileRef = D72F9A6024E2C699003F2DDD /* Box.swift */; };
		D72F9A6424E2C6B0003F2DDD /* Brick.swift in Sources */ = {isa = PBXBuildFile; fileRef = D72F9A6324E2C6B0003F2DDD /* Brick.swift */; };
		D72F9A6524E2C6B0003F2DDD /* Brick.swift in Sources */ = {isa = PBXBuildFile; fileRef = D72F9A6324E2C6B0003F2DDD /* Brick.swift */; };
		D72F9A6724E2C6BD003F2DDD /* Coin.swift in Sources */ = {isa = PBXBuildFile; fileRef = D72F9A6624E2C6BD003F2DDD /* Coin.swift */; };
		D72F9A6824E2C6BD003F2DDD /* Coin.swift in Sources */ = {isa = PBXBuildFile; fileRef = D72F9A6624E2C6BD003F2DDD /* Coin.swift */; };
		D72F9A6A24E2C6D1003F2DDD /* Enemy.swift in Sources */ = {isa = PBXBuildFile; fileRef = D72F9A6924E2C6D1003F2DDD /* Enemy.swift */; };
		D72F9A6B24E2C6D1003F2DDD /* Enemy.swift in Sources */ = {isa = PBXBuildFile; fileRef = D72F9A6924E2C6D1003F2DDD /* Enemy.swift */; };
		D72F9A6D24E2C6E0003F2DDD /* Player.swift in Sources */ = {isa = PBXBuildFile; fileRef = D72F9A6C24E2C6E0003F2DDD /* Player.swift */; };
		D72F9A6E24E2C6E0003F2DDD /* Player.swift in Sources */ = {isa = PBXBuildFile; fileRef = D72F9A6C24E2C6E0003F2DDD /* Player.swift */; };
		D72F9A7024E2C6EE003F2DDD /* PowerUp.swift in Sources */ = {isa = PBXBuildFile; fileRef = D72F9A6F24E2C6EE003F2DDD /* PowerUp.swift */; };
		D72F9A7124E2C6EE003F2DDD /* PowerUp.swift in Sources */ = {isa = PBXBuildFile; fileRef = D72F9A6F24E2C6EE003F2DDD /* PowerUp.swift */; };
		D72F9A7324E2C706003F2DDD /* Stuff.swift in Sources */ = {isa = PBXBuildFile; fileRef = D72F9A7224E2C706003F2DDD /* Stuff.swift */; };
		D72F9A7424E2C706003F2DDD /* Stuff.swift in Sources */ = {isa = PBXBuildFile; fileRef = D72F9A7224E2C706003F2DDD /* Stuff.swift */; };
		D72F9A7624E2C712003F2DDD /* Info.swift in Sources */ = {isa = PBXBuildFile; fileRef = D72F9A7524E2C712003F2DDD /* Info.swift */; };
		D72F9A7724E2C712003F2DDD /* Info.swift in Sources */ = {isa = PBXBuildFile; fileRef = D72F9A7524E2C712003F2DDD /* Info.swift */; };
		D72F9AC424E2C785003F2DDD /* level_1_2.json in Resources */ = {isa = PBXBuildFile; fileRef = D72F9AC024E2C785003F2DDD /* level_1_2.json */; };
		D72F9AC524E2C785003F2DDD /* level_1_2.json in Resources */ = {isa = PBXBuildFile; fileRef = D72F9AC024E2C785003F2DDD /* level_1_2.json */; };
		D72F9AC624E2C785003F2DDD /* level_1_3.json in Resources */ = {isa = PBXBuildFile; fileRef = D72F9AC124E2C785003F2DDD /* level_1_3.json */; };
		D72F9AC724E2C785003F2DDD /* level_1_3.json in Resources */ = {isa = PBXBuildFile; fileRef = D72F9AC124E2C785003F2DDD /* level_1_3.json */; };
		D72F9AC824E2C785003F2DDD /* level_1_4.json in Resources */ = {isa = PBXBuildFile; fileRef = D72F9AC224E2C785003F2DDD /* level_1_4.json */; };
		D72F9AC924E2C785003F2DDD /* level_1_4.json in Resources */ = {isa = PBXBuildFile; fileRef = D72F9AC224E2C785003F2DDD /* level_1_4.json */; };
		D72F9ACA24E2C785003F2DDD /* level_1_1_test.json in Resources */ = {isa = PBXBuildFile; fileRef = D72F9AC324E2C785003F2DDD /* level_1_1_test.json */; };
		D72F9ACB24E2C785003F2DDD /* level_1_1_test.json in Resources */ = {isa = PBXBuildFile; fileRef = D72F9AC324E2C785003F2DDD /* level_1_1_test.json */; };
		D72F9ACF24E2C78E003F2DDD /* luigi.json in Resources */ = {isa = PBXBuildFile; fileRef = D72F9ACD24E2C78E003F2DDD /* luigi.json */; };
		D72F9AD024E2C78E003F2DDD /* luigi.json in Resources */ = {isa = PBXBuildFile; fileRef = D72F9ACD24E2C78E003F2DDD /* luigi.json */; };
		D72F9AD124E2C78E003F2DDD /* mario.json in Resources */ = {isa = PBXBuildFile; fileRef = D72F9ACE24E2C78E003F2DDD /* mario.json */; };
		D72F9AD224E2C78E003F2DDD /* mario.json in Resources */ = {isa = PBXBuildFile; fileRef = D72F9ACE24E2C78E003F2DDD /* mario.json */; };
		D7382B4E24EB9292001AEA5C /* Level_1_1Scene.swift in Sources */ = {isa = PBXBuildFile; fileRef = D7382B4D24EB9292001AEA5C /* Level_1_1Scene.swift */; };
		D7382B4F24EB9292001AEA5C /* Level_1_1Scene.swift in Sources */ = {isa = PBXBuildFile; fileRef = D7382B4D24EB9292001AEA5C /* Level_1_1Scene.swift */; };
		D756404824F68AAC00A43518 /* BrickTileSet.sks in Resources */ = {isa = PBXBuildFile; fileRef = D756404624F68AAC00A43518 /* BrickTileSet.sks */; };
		D756404924F68AAC00A43518 /* BrickTileSet.sks in Resources */ = {isa = PBXBuildFile; fileRef = D756404624F68AAC00A43518 /* BrickTileSet.sks */; };
		D757FD1924F41451002B6FD0 /* TitleScene.swift in Sources */ = {isa = PBXBuildFile; fileRef = D757FD1824F41451002B6FD0 /* TitleScene.swift */; };
		D757FD1A24F41451002B6FD0 /* TitleScene.swift in Sources */ = {isa = PBXBuildFile; fileRef = D757FD1824F41451002B6FD0 /* TitleScene.swift */; };
		D7588CA024F3E7C0009E5FBF /* TitleScene.sks in Resources */ = {isa = PBXBuildFile; fileRef = D7588C9F24F3E7C0009E5FBF /* TitleScene.sks */; };
		D7588CA124F3E7C0009E5FBF /* TitleScene.sks in Resources */ = {isa = PBXBuildFile; fileRef = D7588C9F24F3E7C0009E5FBF /* TitleScene.sks */; };
		D777CF4324E6562400C82215 /* GameStatesEnum.swift in Sources */ = {isa = PBXBuildFile; fileRef = D777CF4224E6562400C82215 /* GameStatesEnum.swift */; };
		D777CF4424E6562400C82215 /* GameStatesEnum.swift in Sources */ = {isa = PBXBuildFile; fileRef = D777CF4224E6562400C82215 /* GameStatesEnum.swift */; };
		D7D5907624FA30C300B08A06 /* Map.swift in Sources */ = {isa = PBXBuildFile; fileRef = D7D5907524FA30C300B08A06 /* Map.swift */; };
		D7D5907724FA30C300B08A06 /* Map.swift in Sources */ = {isa = PBXBuildFile; fileRef = D7D5907524FA30C300B08A06 /* Map.swift */; };
		D7D5907924FAA4A000B08A06 /* level_1_1.json in Resources */ = {isa = PBXBuildFile; fileRef = D7D5907824FAA4A000B08A06 /* level_1_1.json */; };
		D7D5907A24FAA4A000B08A06 /* level_1_1.json in Resources */ = {isa = PBXBuildFile; fileRef = D7D5907824FAA4A000B08A06 /* level_1_1.json */; };
		D7E7D5BE24E295F8006511BB /* AppDelegate.swift in Sources */ = {isa = PBXBuildFile; fileRef = D7E7D5BD24E295F8006511BB /* AppDelegate.swift */; };
		D7E7D5C024E295F8006511BB /* GameViewController.swift in Sources */ = {isa = PBXBuildFile; fileRef = D7E7D5BF24E295F8006511BB /* GameViewController.swift */; };
		D7E7D5C324E295F8006511BB /* Main.storyboard in Resources */ = {isa = PBXBuildFile; fileRef = D7E7D5C124E295F8006511BB /* Main.storyboard */; };
		D7E7D5C624E295F8006511BB /* LaunchScreen.storyboard in Resources */ = {isa = PBXBuildFile; fileRef = D7E7D5C424E295F8006511BB /* LaunchScreen.storyboard */; };
		D7E7D5CF24E295F8006511BB /* AppDelegate.swift in Sources */ = {isa = PBXBuildFile; fileRef = D7E7D5CE24E295F8006511BB /* AppDelegate.swift */; };
		D7E7D5D124E295F8006511BB /* GameViewController.swift in Sources */ = {isa = PBXBuildFile; fileRef = D7E7D5D024E295F8006511BB /* GameViewController.swift */; };
		D7E7D5D424E295F8006511BB /* Main.storyboard in Resources */ = {isa = PBXBuildFile; fileRef = D7E7D5D224E295F8006511BB /* Main.storyboard */; };
		D7E7D5D624E295F8006511BB /* Actions.sks in Resources */ = {isa = PBXBuildFile; fileRef = D7E7D5B224E295F6006511BB /* Actions.sks */; };
		D7E7D5D724E295F8006511BB /* Actions.sks in Resources */ = {isa = PBXBuildFile; fileRef = D7E7D5B224E295F6006511BB /* Actions.sks */; };
		D7E7D5D824E295F8006511BB /* GameScene.sks in Resources */ = {isa = PBXBuildFile; fileRef = D7E7D5B324E295F6006511BB /* GameScene.sks */; };
		D7E7D5D924E295F8006511BB /* GameScene.sks in Resources */ = {isa = PBXBuildFile; fileRef = D7E7D5B324E295F6006511BB /* GameScene.sks */; };
		D7E7D5DA24E295F8006511BB /* GameScene.swift in Sources */ = {isa = PBXBuildFile; fileRef = D7E7D5B424E295F6006511BB /* GameScene.swift */; };
		D7E7D5DB24E295F8006511BB /* GameScene.swift in Sources */ = {isa = PBXBuildFile; fileRef = D7E7D5B424E295F6006511BB /* GameScene.swift */; };
		D7E7D5DC24E295F8006511BB /* Assets.xcassets in Resources */ = {isa = PBXBuildFile; fileRef = D7E7D5B524E295F8006511BB /* Assets.xcassets */; };
		D7E7D5DD24E295F8006511BB /* Assets.xcassets in Resources */ = {isa = PBXBuildFile; fileRef = D7E7D5B524E295F8006511BB /* Assets.xcassets */; };
		D7E7D5E724E296EA006511BB /* Level_1_1.sks in Resources */ = {isa = PBXBuildFile; fileRef = D7E7D5E624E296EA006511BB /* Level_1_1.sks */; };
		D7E7D5E824E296EA006511BB /* Level_1_1.sks in Resources */ = {isa = PBXBuildFile; fileRef = D7E7D5E624E296EA006511BB /* Level_1_1.sks */; };
/* End PBXBuildFile section */

/* Begin PBXFileReference section */
		D704BEC424F6B6A400F8AD9B /* LoadingScene.sks */ = {isa = PBXFileReference; lastKnownFileType = file.sks; path = LoadingScene.sks; sourceTree = "<group>"; };
		D72F9A4B24E2C540003F2DDD /* MainMenu.swift */ = {isa = PBXFileReference; lastKnownFileType = sourcecode.swift; path = MainMenu.swift; sourceTree = "<group>"; };
		D72F9A4E24E2C558003F2DDD /* LoadingScene.swift */ = {isa = PBXFileReference; lastKnownFileType = sourcecode.swift; path = LoadingScene.swift; sourceTree = "<group>"; };
		D72F9A5124E2C57D003F2DDD /* Level.swift */ = {isa = PBXFileReference; lastKnownFileType = sourcecode.swift; path = Level.swift; sourceTree = "<group>"; };
		D72F9A5424E2C598003F2DDD /* Constants.swift */ = {isa = PBXFileReference; lastKnownFileType = sourcecode.swift; path = Constants.swift; sourceTree = "<group>"; };
		D72F9A5724E2C5AD003F2DDD /* Sound.swift */ = {isa = PBXFileReference; lastKnownFileType = sourcecode.swift; path = Sound.swift; sourceTree = "<group>"; };
		D72F9A5A24E2C5E7003F2DDD /* Setup.swift */ = {isa = PBXFileReference; lastKnownFileType = sourcecode.swift; path = Setup.swift; sourceTree = "<group>"; };
		D72F9A5D24E2C602003F2DDD /* Tools.swift */ = {isa = PBXFileReference; lastKnownFileType = sourcecode.swift; path = Tools.swift; sourceTree = "<group>"; };
		D72F9A6024E2C699003F2DDD /* Box.swift */ = {isa = PBXFileReference; lastKnownFileType = sourcecode.swift; path = Box.swift; sourceTree = "<group>"; };
		D72F9A6324E2C6B0003F2DDD /* Brick.swift */ = {isa = PBXFileReference; lastKnownFileType = sourcecode.swift; path = Brick.swift; sourceTree = "<group>"; };
		D72F9A6624E2C6BD003F2DDD /* Coin.swift */ = {isa = PBXFileReference; lastKnownFileType = sourcecode.swift; path = Coin.swift; sourceTree = "<group>"; };
		D72F9A6924E2C6D1003F2DDD /* Enemy.swift */ = {isa = PBXFileReference; lastKnownFileType = sourcecode.swift; path = Enemy.swift; sourceTree = "<group>"; };
		D72F9A6C24E2C6E0003F2DDD /* Player.swift */ = {isa = PBXFileReference; lastKnownFileType = sourcecode.swift; path = Player.swift; sourceTree = "<group>"; };
		D72F9A6F24E2C6EE003F2DDD /* PowerUp.swift */ = {isa = PBXFileReference; lastKnownFileType = sourcecode.swift; path = PowerUp.swift; sourceTree = "<group>"; };
		D72F9A7224E2C706003F2DDD /* Stuff.swift */ = {isa = PBXFileReference; lastKnownFileType = sourcecode.swift; path = Stuff.swift; sourceTree = "<group>"; };
		D72F9A7524E2C712003F2DDD /* Info.swift */ = {isa = PBXFileReference; lastKnownFileType = sourcecode.swift; path = Info.swift; sourceTree = "<group>"; };
		D72F9AC024E2C785003F2DDD /* level_1_2.json */ = {isa = PBXFileReference; fileEncoding = 4; lastKnownFileType = text.json; path = level_1_2.json; sourceTree = "<group>"; };
		D72F9AC124E2C785003F2DDD /* level_1_3.json */ = {isa = PBXFileReference; fileEncoding = 4; lastKnownFileType = text.json; path = level_1_3.json; sourceTree = "<group>"; };
		D72F9AC224E2C785003F2DDD /* level_1_4.json */ = {isa = PBXFileReference; fileEncoding = 4; lastKnownFileType = text.json; path = level_1_4.json; sourceTree = "<group>"; };
		D72F9AC324E2C785003F2DDD /* level_1_1_test.json */ = {isa = PBXFileReference; fileEncoding = 4; lastKnownFileType = text.json; path = level_1_1_test.json; sourceTree = "<group>"; };
		D72F9ACD24E2C78E003F2DDD /* luigi.json */ = {isa = PBXFileReference; fileEncoding = 4; lastKnownFileType = text.json; path = luigi.json; sourceTree = "<group>"; };
		D72F9ACE24E2C78E003F2DDD /* mario.json */ = {isa = PBXFileReference; fileEncoding = 4; lastKnownFileType = text.json; path = mario.json; sourceTree = "<group>"; };
		D7382B4D24EB9292001AEA5C /* Level_1_1Scene.swift */ = {isa = PBXFileReference; lastKnownFileType = sourcecode.swift; path = Level_1_1Scene.swift; sourceTree = "<group>"; };
		D756404624F68AAC00A43518 /* BrickTileSet.sks */ = {isa = PBXFileReference; lastKnownFileType = file.sks; path = BrickTileSet.sks; sourceTree = "<group>"; };
		D757FD1824F41451002B6FD0 /* TitleScene.swift */ = {isa = PBXFileReference; lastKnownFileType = sourcecode.swift; path = TitleScene.swift; sourceTree = "<group>"; };
		D7588C9F24F3E7C0009E5FBF /* TitleScene.sks */ = {isa = PBXFileReference; lastKnownFileType = file.sks; path = TitleScene.sks; sourceTree = "<group>"; };
		D777CF4224E6562400C82215 /* GameStatesEnum.swift */ = {isa = PBXFileReference; lastKnownFileType = sourcecode.swift; path = GameStatesEnum.swift; sourceTree = "<group>"; };
		D7D5907524FA30C300B08A06 /* Map.swift */ = {isa = PBXFileReference; lastKnownFileType = sourcecode.swift; path = Map.swift; sourceTree = "<group>"; };
		D7D5907824FAA4A000B08A06 /* level_1_1.json */ = {isa = PBXFileReference; fileEncoding = 4; lastKnownFileType = text.json; path = level_1_1.json; sourceTree = "<group>"; };
		D7E7D5B224E295F6006511BB /* Actions.sks */ = {isa = PBXFileReference; lastKnownFileType = file.sks; path = Actions.sks; sourceTree = "<group>"; };
		D7E7D5B324E295F6006511BB /* GameScene.sks */ = {isa = PBXFileReference; lastKnownFileType = file.sks; path = GameScene.sks; sourceTree = "<group>"; };
		D7E7D5B424E295F6006511BB /* GameScene.swift */ = {isa = PBXFileReference; lastKnownFileType = sourcecode.swift; path = GameScene.swift; sourceTree = "<group>"; };
		D7E7D5B524E295F8006511BB /* Assets.xcassets */ = {isa = PBXFileReference; lastKnownFileType = folder.assetcatalog; path = Assets.xcassets; sourceTree = "<group>"; };
		D7E7D5BA24E295F8006511BB /* Super Mario Swift.app */ = {isa = PBXFileReference; explicitFileType = wrapper.application; includeInIndex = 0; path = "Super Mario Swift.app"; sourceTree = BUILT_PRODUCTS_DIR; };
		D7E7D5BD24E295F8006511BB /* AppDelegate.swift */ = {isa = PBXFileReference; lastKnownFileType = sourcecode.swift; path = AppDelegate.swift; sourceTree = "<group>"; };
		D7E7D5BF24E295F8006511BB /* GameViewController.swift */ = {isa = PBXFileReference; lastKnownFileType = sourcecode.swift; path = GameViewController.swift; sourceTree = "<group>"; };
		D7E7D5C224E295F8006511BB /* Base */ = {isa = PBXFileReference; lastKnownFileType = file.storyboard; name = Base; path = Base.lproj/Main.storyboard; sourceTree = "<group>"; };
		D7E7D5C524E295F8006511BB /* Base */ = {isa = PBXFileReference; lastKnownFileType = file.storyboard; name = Base; path = Base.lproj/LaunchScreen.storyboard; sourceTree = "<group>"; };
		D7E7D5C724E295F8006511BB /* Info.plist */ = {isa = PBXFileReference; lastKnownFileType = text.plist.xml; path = Info.plist; sourceTree = "<group>"; };
		D7E7D5CC24E295F8006511BB /* Super Mario Swift.app */ = {isa = PBXFileReference; explicitFileType = wrapper.application; includeInIndex = 0; path = "Super Mario Swift.app"; sourceTree = BUILT_PRODUCTS_DIR; };
		D7E7D5CE24E295F8006511BB /* AppDelegate.swift */ = {isa = PBXFileReference; lastKnownFileType = sourcecode.swift; path = AppDelegate.swift; sourceTree = "<group>"; };
		D7E7D5D024E295F8006511BB /* GameViewController.swift */ = {isa = PBXFileReference; lastKnownFileType = sourcecode.swift; path = GameViewController.swift; sourceTree = "<group>"; };
		D7E7D5D324E295F8006511BB /* Base */ = {isa = PBXFileReference; lastKnownFileType = file.storyboard; name = Base; path = Base.lproj/Main.storyboard; sourceTree = "<group>"; };
		D7E7D5D524E295F8006511BB /* Info.plist */ = {isa = PBXFileReference; lastKnownFileType = text.plist.xml; path = Info.plist; sourceTree = "<group>"; };
		D7E7D5E624E296EA006511BB /* Level_1_1.sks */ = {isa = PBXFileReference; lastKnownFileType = file.sks; path = Level_1_1.sks; sourceTree = "<group>"; };
/* End PBXFileReference section */

/* Begin PBXFrameworksBuildPhase section */
		D7E7D5B724E295F8006511BB /* Frameworks */ = {
			isa = PBXFrameworksBuildPhase;
			buildActionMask = 2147483647;
			files = (
			);
			runOnlyForDeploymentPostprocessing = 0;
		};
		D7E7D5C924E295F8006511BB /* Frameworks */ = {
			isa = PBXFrameworksBuildPhase;
			buildActionMask = 2147483647;
			files = (
			);
			runOnlyForDeploymentPostprocessing = 0;
		};
/* End PBXFrameworksBuildPhase section */

/* Begin PBXGroup section */
		D72CD37A24E580B8007F8647 /* Demo */ = {
			isa = PBXGroup;
			children = (
				D7E7D5B224E295F6006511BB /* Actions.sks */,
				D7E7D5B324E295F6006511BB /* GameScene.sks */,
				D7E7D5B424E295F6006511BB /* GameScene.swift */,
			);
			path = Demo;
			sourceTree = "<group>";
		};
		D72F9A4424E2C3A5003F2DDD /* Components */ = {
			isa = PBXGroup;
			children = (
				D72CD37A24E580B8007F8647 /* Demo */,
				D72F9A6024E2C699003F2DDD /* Box.swift */,
				D72F9A6324E2C6B0003F2DDD /* Brick.swift */,
				D756404624F68AAC00A43518 /* BrickTileSet.sks */,
				D72F9A6624E2C6BD003F2DDD /* Coin.swift */,
				D72F9A6924E2C6D1003F2DDD /* Enemy.swift */,
				D7E7D5E624E296EA006511BB /* Level_1_1.sks */,
				D7382B4D24EB9292001AEA5C /* Level_1_1Scene.swift */,
				D704BEC424F6B6A400F8AD9B /* LoadingScene.sks */,
				D72F9A4E24E2C558003F2DDD /* LoadingScene.swift */,
				D72F9A4B24E2C540003F2DDD /* MainMenu.swift */,
				D7D5907524FA30C300B08A06 /* Map.swift */,
				D72F9A6C24E2C6E0003F2DDD /* Player.swift */,
				D72F9A6F24E2C6EE003F2DDD /* PowerUp.swift */,
				D72F9A5724E2C5AD003F2DDD /* Sound.swift */,
				D72F9A7224E2C706003F2DDD /* Stuff.swift */,
				D7588C9F24F3E7C0009E5FBF /* TitleScene.sks */,
				D757FD1824F41451002B6FD0 /* TitleScene.swift */,
			);
			path = Components;
			sourceTree = "<group>";
		};
		D72F9A4524E2C3BA003F2DDD /* Data */ = {
			isa = PBXGroup;
			children = (
				D72F9ABF24E2C785003F2DDD /* maps */,
				D72F9ACC24E2C78E003F2DDD /* player */,
			);
			path = Data;
			sourceTree = "<group>";
		};
		D72F9A4624E2C3CA003F2DDD /* States */ = {
			isa = PBXGroup;
			children = (
				D72F9A5424E2C598003F2DDD /* Constants.swift */,
				D777CF4224E6562400C82215 /* GameStatesEnum.swift */,
				D72F9A7524E2C712003F2DDD /* Info.swift */,
				D72F9A5124E2C57D003F2DDD /* Level.swift */,
				D72F9A5A24E2C5E7003F2DDD /* Setup.swift */,
				D72F9A5D24E2C602003F2DDD /* Tools.swift */,
			);
			path = States;
			sourceTree = "<group>";
		};
		D72F9ABF24E2C785003F2DDD /* maps */ = {
			isa = PBXGroup;
			children = (
				D7D5907824FAA4A000B08A06 /* level_1_1.json */,
				D72F9AC324E2C785003F2DDD /* level_1_1_test.json */,
				D72F9AC024E2C785003F2DDD /* level_1_2.json */,
				D72F9AC124E2C785003F2DDD /* level_1_3.json */,
				D72F9AC224E2C785003F2DDD /* level_1_4.json */,
			);
			path = maps;
			sourceTree = "<group>";
		};
		D72F9ACC24E2C78E003F2DDD /* player */ = {
			isa = PBXGroup;
			children = (
				D72F9ACD24E2C78E003F2DDD /* luigi.json */,
				D72F9ACE24E2C78E003F2DDD /* mario.json */,
			);
			path = player;
			sourceTree = "<group>";
		};
		D7E7D5AC24E295F6006511BB = {
			isa = PBXGroup;
			children = (
				D7E7D5B124E295F6006511BB /* Super Mario Swift Shared */,
				D7E7D5BC24E295F8006511BB /* Super Mario Swift iOS */,
				D7E7D5CD24E295F8006511BB /* Super Mario Swift macOS */,
				D7E7D5BB24E295F8006511BB /* Products */,
			);
			sourceTree = "<group>";
		};
		D7E7D5B124E295F6006511BB /* Super Mario Swift Shared */ = {
			isa = PBXGroup;
			children = (
				D7E7D5B524E295F8006511BB /* Assets.xcassets */,
				D72F9A4424E2C3A5003F2DDD /* Components */,
				D72F9A4624E2C3CA003F2DDD /* States */,
				D72F9A4524E2C3BA003F2DDD /* Data */,
			);
			path = "Super Mario Swift Shared";
			sourceTree = "<group>";
		};
		D7E7D5BB24E295F8006511BB /* Products */ = {
			isa = PBXGroup;
			children = (
				D7E7D5BA24E295F8006511BB /* Super Mario Swift.app */,
				D7E7D5CC24E295F8006511BB /* Super Mario Swift.app */,
			);
			name = Products;
			sourceTree = "<group>";
		};
		D7E7D5BC24E295F8006511BB /* Super Mario Swift iOS */ = {
			isa = PBXGroup;
			children = (
				D7E7D5BD24E295F8006511BB /* AppDelegate.swift */,
				D7E7D5BF24E295F8006511BB /* GameViewController.swift */,
				D7E7D5C124E295F8006511BB /* Main.storyboard */,
				D7E7D5C424E295F8006511BB /* LaunchScreen.storyboard */,
				D7E7D5C724E295F8006511BB /* Info.plist */,
			);
			path = "Super Mario Swift iOS";
			sourceTree = "<group>";
		};
		D7E7D5CD24E295F8006511BB /* Super Mario Swift macOS */ = {
			isa = PBXGroup;
			children = (
				D7E7D5CE24E295F8006511BB /* AppDelegate.swift */,
				D7E7D5D024E295F8006511BB /* GameViewController.swift */,
				D7E7D5D224E295F8006511BB /* Main.storyboard */,
				D7E7D5D524E295F8006511BB /* Info.plist */,
			);
			path = "Super Mario Swift macOS";
			sourceTree = "<group>";
		};
/* End PBXGroup section */

/* Begin PBXNativeTarget section */
		D7E7D5B924E295F8006511BB /* Super Mario Swift iOS */ = {
			isa = PBXNativeTarget;
			buildConfigurationList = D7E7D5E024E295F8006511BB /* Build configuration list for PBXNativeTarget "Super Mario Swift iOS" */;
			buildPhases = (
				D7E7D5B624E295F8006511BB /* Sources */,
				D7E7D5B724E295F8006511BB /* Frameworks */,
				D7E7D5B824E295F8006511BB /* Resources */,
			);
			buildRules = (
			);
			dependencies = (
			);
			name = "Super Mario Swift iOS";
			productName = "Super Mario Swift iOS";
			productReference = D7E7D5BA24E295F8006511BB /* Super Mario Swift.app */;
			productType = "com.apple.product-type.application";
		};
		D7E7D5CB24E295F8006511BB /* Super Mario Swift macOS */ = {
			isa = PBXNativeTarget;
			buildConfigurationList = D7E7D5E324E295F8006511BB /* Build configuration list for PBXNativeTarget "Super Mario Swift macOS" */;
			buildPhases = (
				D7E7D5C824E295F8006511BB /* Sources */,
				D7E7D5C924E295F8006511BB /* Frameworks */,
				D7E7D5CA24E295F8006511BB /* Resources */,
			);
			buildRules = (
			);
			dependencies = (
			);
			name = "Super Mario Swift macOS";
			productName = "Super Mario Swift macOS";
			productReference = D7E7D5CC24E295F8006511BB /* Super Mario Swift.app */;
			productType = "com.apple.product-type.application";
		};
/* End PBXNativeTarget section */

/* Begin PBXProject section */
		D7E7D5AD24E295F6006511BB /* Project object */ = {
			isa = PBXProject;
			attributes = {
				LastSwiftUpdateCheck = 1160;
				LastUpgradeCheck = 1160;
				ORGANIZATIONNAME = "Channing Kuo";
				TargetAttributes = {
					D7E7D5B924E295F8006511BB = {
						CreatedOnToolsVersion = 11.6;
					};
					D7E7D5CB24E295F8006511BB = {
						CreatedOnToolsVersion = 11.6;
					};
				};
			};
			buildConfigurationList = D7E7D5B024E295F6006511BB /* Build configuration list for PBXProject "Super Mario Swift" */;
			compatibilityVersion = "Xcode 9.3";
			developmentRegion = en;
			hasScannedForEncodings = 0;
			knownRegions = (
				en,
				Base,
			);
			mainGroup = D7E7D5AC24E295F6006511BB;
			productRefGroup = D7E7D5BB24E295F8006511BB /* Products */;
			projectDirPath = "";
			projectRoot = "";
			targets = (
				D7E7D5B924E295F8006511BB /* Super Mario Swift iOS */,
				D7E7D5CB24E295F8006511BB /* Super Mario Swift macOS */,
			);
		};
/* End PBXProject section */

/* Begin PBXResourcesBuildPhase section */
		D7E7D5B824E295F8006511BB /* Resources */ = {
			isa = PBXResourcesBuildPhase;
			buildActionMask = 2147483647;
			files = (
				D7E7D5D824E295F8006511BB /* GameScene.sks in Resources */,
				D7E7D5C324E295F8006511BB /* Main.storyboard in Resources */,
				D72F9ACF24E2C78E003F2DDD /* luigi.json in Resources */,
				D704BEC524F6B6A400F8AD9B /* LoadingScene.sks in Resources */,
				D7E7D5E724E296EA006511BB /* Level_1_1.sks in Resources */,
				D7E7D5D624E295F8006511BB /* Actions.sks in Resources */,
				D72F9AD124E2C78E003F2DDD /* mario.json in Resources */,
				D7588CA024F3E7C0009E5FBF /* TitleScene.sks in Resources */,
				D72F9AC824E2C785003F2DDD /* level_1_4.json in Resources */,
				D72F9AC624E2C785003F2DDD /* level_1_3.json in Resources */,
				D7E7D5C624E295F8006511BB /* LaunchScreen.storyboard in Resources */,
				D72F9ACA24E2C785003F2DDD /* level_1_1_test.json in Resources */,
				D7E7D5DC24E295F8006511BB /* Assets.xcassets in Resources */,
				D756404824F68AAC00A43518 /* BrickTileSet.sks in Resources */,
				D7D5907924FAA4A000B08A06 /* level_1_1.json in Resources */,
				D72F9AC424E2C785003F2DDD /* level_1_2.json in Resources */,
			);
			runOnlyForDeploymentPostprocessing = 0;
		};
		D7E7D5CA24E295F8006511BB /* Resources */ = {
			isa = PBXResourcesBuildPhase;
			buildActionMask = 2147483647;
			files = (
				D7E7D5D424E295F8006511BB /* Main.storyboard in Resources */,
				D7E7D5D924E295F8006511BB /* GameScene.sks in Resources */,
				D72F9AD224E2C78E003F2DDD /* mario.json in Resources */,
				D72F9AC724E2C785003F2DDD /* level_1_3.json in Resources */,
				D72F9AD024E2C78E003F2DDD /* luigi.json in Resources */,
				D704BEC624F6B6A400F8AD9B /* LoadingScene.sks in Resources */,
				D72F9AC524E2C785003F2DDD /* level_1_2.json in Resources */,
				D7D5907A24FAA4A000B08A06 /* level_1_1.json in Resources */,
				D7E7D5E824E296EA006511BB /* Level_1_1.sks in Resources */,
				D756404924F68AAC00A43518 /* BrickTileSet.sks in Resources */,
				D7E7D5DD24E295F8006511BB /* Assets.xcassets in Resources */,
				D7E7D5D724E295F8006511BB /* Actions.sks in Resources */,
				D72F9ACB24E2C785003F2DDD /* level_1_1_test.json in Resources */,
				D72F9AC924E2C785003F2DDD /* level_1_4.json in Resources */,
				D7588CA124F3E7C0009E5FBF /* TitleScene.sks in Resources */,
			);
			runOnlyForDeploymentPostprocessing = 0;
		};
/* End PBXResourcesBuildPhase section */

/* Begin PBXSourcesBuildPhase section */
		D7E7D5B624E295F8006511BB /* Sources */ = {
			isa = PBXSourcesBuildPhase;
			buildActionMask = 2147483647;
			files = (
				D72F9A7324E2C706003F2DDD /* Stuff.swift in Sources */,
				D72F9A6A24E2C6D1003F2DDD /* Enemy.swift in Sources */,
				D72F9A5224E2C57D003F2DDD /* Level.swift in Sources */,
				D72F9A7624E2C712003F2DDD /* Info.swift in Sources */,
				D72F9A4C24E2C540003F2DDD /* MainMenu.swift in Sources */,
				D7382B4E24EB9292001AEA5C /* Level_1_1Scene.swift in Sources */,
				D7E7D5DA24E295F8006511BB /* GameScene.swift in Sources */,
				D7E7D5C024E295F8006511BB /* GameViewController.swift in Sources */,
				D72F9A5524E2C598003F2DDD /* Constants.swift in Sources */,
				D72F9A6424E2C6B0003F2DDD /* Brick.swift in Sources */,
				D757FD1924F41451002B6FD0 /* TitleScene.swift in Sources */,
				D72F9A6124E2C699003F2DDD /* Box.swift in Sources */,
				D72F9A4F24E2C558003F2DDD /* LoadingScene.swift in Sources */,
				D72F9A6724E2C6BD003F2DDD /* Coin.swift in Sources */,
				D72F9A7024E2C6EE003F2DDD /* PowerUp.swift in Sources */,
				D7E7D5BE24E295F8006511BB /* AppDelegate.swift in Sources */,
				D72F9A5B24E2C5E7003F2DDD /* Setup.swift in Sources */,
				D72F9A5824E2C5AD003F2DDD /* Sound.swift in Sources */,
				D7D5907624FA30C300B08A06 /* Map.swift in Sources */,
				D777CF4324E6562400C82215 /* GameStatesEnum.swift in Sources */,
				D72F9A6D24E2C6E0003F2DDD /* Player.swift in Sources */,
				D72F9A5E24E2C602003F2DDD /* Tools.swift in Sources */,
			);
			runOnlyForDeploymentPostprocessing = 0;
		};
		D7E7D5C824E295F8006511BB /* Sources */ = {
			isa = PBXSourcesBuildPhase;
			buildActionMask = 2147483647;
			files = (
				D72F9A7424E2C706003F2DDD /* Stuff.swift in Sources */,
				D72F9A6B24E2C6D1003F2DDD /* Enemy.swift in Sources */,
				D72F9A5324E2C57D003F2DDD /* Level.swift in Sources */,
				D72F9A7724E2C712003F2DDD /* Info.swift in Sources */,
				D72F9A4D24E2C540003F2DDD /* MainMenu.swift in Sources */,
				D7382B4F24EB9292001AEA5C /* Level_1_1Scene.swift in Sources */,
				D7E7D5DB24E295F8006511BB /* GameScene.swift in Sources */,
				D7E7D5D124E295F8006511BB /* GameViewController.swift in Sources */,
				D72F9A5624E2C598003F2DDD /* Constants.swift in Sources */,
				D72F9A6524E2C6B0003F2DDD /* Brick.swift in Sources */,
				D757FD1A24F41451002B6FD0 /* TitleScene.swift in Sources */,
				D72F9A6224E2C699003F2DDD /* Box.swift in Sources */,
				D72F9A5024E2C558003F2DDD /* LoadingScene.swift in Sources */,
				D72F9A6824E2C6BD003F2DDD /* Coin.swift in Sources */,
				D72F9A7124E2C6EE003F2DDD /* PowerUp.swift in Sources */,
				D7E7D5CF24E295F8006511BB /* AppDelegate.swift in Sources */,
				D72F9A5C24E2C5E7003F2DDD /* Setup.swift in Sources */,
				D72F9A5924E2C5AD003F2DDD /* Sound.swift in Sources */,
				D7D5907724FA30C300B08A06 /* Map.swift in Sources */,
				D777CF4424E6562400C82215 /* GameStatesEnum.swift in Sources */,
				D72F9A6E24E2C6E0003F2DDD /* Player.swift in Sources */,
				D72F9A5F24E2C602003F2DDD /* Tools.swift in Sources */,
			);
			runOnlyForDeploymentPostprocessing = 0;
		};
/* End PBXSourcesBuildPhase section */

/* Begin PBXVariantGroup section */
		D7E7D5C124E295F8006511BB /* Main.storyboard */ = {
			isa = PBXVariantGroup;
			children = (
				D7E7D5C224E295F8006511BB /* Base */,
			);
			name = Main.storyboard;
			sourceTree = "<group>";
		};
		D7E7D5C424E295F8006511BB /* LaunchScreen.storyboard */ = {
			isa = PBXVariantGroup;
			children = (
				D7E7D5C524E295F8006511BB /* Base */,
			);
			name = LaunchScreen.storyboard;
			sourceTree = "<group>";
		};
		D7E7D5D224E295F8006511BB /* Main.storyboard */ = {
			isa = PBXVariantGroup;
			children = (
				D7E7D5D324E295F8006511BB /* Base */,
			);
			name = Main.storyboard;
			sourceTree = "<group>";
		};
/* End PBXVariantGroup section */

/* Begin XCBuildConfiguration section */
		D7E7D5DE24E295F8006511BB /* Debug */ = {
			isa = XCBuildConfiguration;
			buildSettings = {
				ALWAYS_SEARCH_USER_PATHS = NO;
				CLANG_ANALYZER_NONNULL = YES;
				CLANG_ANALYZER_NUMBER_OBJECT_CONVERSION = YES_AGGRESSIVE;
				CLANG_CXX_LANGUAGE_STANDARD = "gnu++14";
				CLANG_CXX_LIBRARY = "libc++";
				CLANG_ENABLE_MODULES = YES;
				CLANG_ENABLE_OBJC_ARC = YES;
				CLANG_ENABLE_OBJC_WEAK = YES;
				CLANG_WARN_BLOCK_CAPTURE_AUTORELEASING = YES;
				CLANG_WARN_BOOL_CONVERSION = YES;
				CLANG_WARN_COMMA = YES;
				CLANG_WARN_CONSTANT_CONVERSION = YES;
				CLANG_WARN_DEPRECATED_OBJC_IMPLEMENTATIONS = YES;
				CLANG_WARN_DIRECT_OBJC_ISA_USAGE = YES_ERROR;
				CLANG_WARN_DOCUMENTATION_COMMENTS = YES;
				CLANG_WARN_EMPTY_BODY = YES;
				CLANG_WARN_ENUM_CONVERSION = YES;
				CLANG_WARN_INFINITE_RECURSION = YES;
				CLANG_WARN_INT_CONVERSION = YES;
				CLANG_WARN_NON_LITERAL_NULL_CONVERSION = YES;
				CLANG_WARN_OBJC_IMPLICIT_RETAIN_SELF = YES;
				CLANG_WARN_OBJC_LITERAL_CONVERSION = YES;
				CLANG_WARN_OBJC_ROOT_CLASS = YES_ERROR;
				CLANG_WARN_RANGE_LOOP_ANALYSIS = YES;
				CLANG_WARN_STRICT_PROTOTYPES = YES;
				CLANG_WARN_SUSPICIOUS_MOVE = YES;
				CLANG_WARN_UNGUARDED_AVAILABILITY = YES_AGGRESSIVE;
				CLANG_WARN_UNREACHABLE_CODE = YES;
				CLANG_WARN__DUPLICATE_METHOD_MATCH = YES;
				COPY_PHASE_STRIP = NO;
				DEBUG_INFORMATION_FORMAT = dwarf;
				ENABLE_STRICT_OBJC_MSGSEND = YES;
				ENABLE_TESTABILITY = YES;
				GCC_C_LANGUAGE_STANDARD = gnu11;
				GCC_DYNAMIC_NO_PIC = NO;
				GCC_NO_COMMON_BLOCKS = YES;
				GCC_OPTIMIZATION_LEVEL = 0;
				GCC_PREPROCESSOR_DEFINITIONS = (
					"DEBUG=1",
					"$(inherited)",
				);
				GCC_WARN_64_TO_32_BIT_CONVERSION = YES;
				GCC_WARN_ABOUT_RETURN_TYPE = YES_ERROR;
				GCC_WARN_UNDECLARED_SELECTOR = YES;
				GCC_WARN_UNINITIALIZED_AUTOS = YES_AGGRESSIVE;
				GCC_WARN_UNUSED_FUNCTION = YES;
				GCC_WARN_UNUSED_VARIABLE = YES;
				MTL_ENABLE_DEBUG_INFO = INCLUDE_SOURCE;
				MTL_FAST_MATH = YES;
				ONLY_ACTIVE_ARCH = YES;
				SWIFT_ACTIVE_COMPILATION_CONDITIONS = DEBUG;
				SWIFT_OPTIMIZATION_LEVEL = "-Onone";
			};
			name = Debug;
		};
		D7E7D5DF24E295F8006511BB /* Release */ = {
			isa = XCBuildConfiguration;
			buildSettings = {
				ALWAYS_SEARCH_USER_PATHS = NO;
				CLANG_ANALYZER_NONNULL = YES;
				CLANG_ANALYZER_NUMBER_OBJECT_CONVERSION = YES_AGGRESSIVE;
				CLANG_CXX_LANGUAGE_STANDARD = "gnu++14";
				CLANG_CXX_LIBRARY = "libc++";
				CLANG_ENABLE_MODULES = YES;
				CLANG_ENABLE_OBJC_ARC = YES;
				CLANG_ENABLE_OBJC_WEAK = YES;
				CLANG_WARN_BLOCK_CAPTURE_AUTORELEASING = YES;
				CLANG_WARN_BOOL_CONVERSION = YES;
				CLANG_WARN_COMMA = YES;
				CLANG_WARN_CONSTANT_CONVERSION = YES;
				CLANG_WARN_DEPRECATED_OBJC_IMPLEMENTATIONS = YES;
				CLANG_WARN_DIRECT_OBJC_ISA_USAGE = YES_ERROR;
				CLANG_WARN_DOCUMENTATION_COMMENTS = YES;
				CLANG_WARN_EMPTY_BODY = YES;
				CLANG_WARN_ENUM_CONVERSION = YES;
				CLANG_WARN_INFINITE_RECURSION = YES;
				CLANG_WARN_INT_CONVERSION = YES;
				CLANG_WARN_NON_LITERAL_NULL_CONVERSION = YES;
				CLANG_WARN_OBJC_IMPLICIT_RETAIN_SELF = YES;
				CLANG_WARN_OBJC_LITERAL_CONVERSION = YES;
				CLANG_WARN_OBJC_ROOT_CLASS = YES_ERROR;
				CLANG_WARN_RANGE_LOOP_ANALYSIS = YES;
				CLANG_WARN_STRICT_PROTOTYPES = YES;
				CLANG_WARN_SUSPICIOUS_MOVE = YES;
				CLANG_WARN_UNGUARDED_AVAILABILITY = YES_AGGRESSIVE;
				CLANG_WARN_UNREACHABLE_CODE = YES;
				CLANG_WARN__DUPLICATE_METHOD_MATCH = YES;
				COPY_PHASE_STRIP = NO;
				DEBUG_INFORMATION_FORMAT = "dwarf-with-dsym";
				ENABLE_NS_ASSERTIONS = NO;
				ENABLE_STRICT_OBJC_MSGSEND = YES;
				GCC_C_LANGUAGE_STANDARD = gnu11;
				GCC_NO_COMMON_BLOCKS = YES;
				GCC_WARN_64_TO_32_BIT_CONVERSION = YES;
				GCC_WARN_ABOUT_RETURN_TYPE = YES_ERROR;
				GCC_WARN_UNDECLARED_SELECTOR = YES;
				GCC_WARN_UNINITIALIZED_AUTOS = YES_AGGRESSIVE;
				GCC_WARN_UNUSED_FUNCTION = YES;
				GCC_WARN_UNUSED_VARIABLE = YES;
				MTL_ENABLE_DEBUG_INFO = NO;
				MTL_FAST_MATH = YES;
				SWIFT_COMPILATION_MODE = wholemodule;
				SWIFT_OPTIMIZATION_LEVEL = "-O";
			};
			name = Release;
		};
		D7E7D5E124E295F8006511BB /* Debug */ = {
			isa = XCBuildConfiguration;
			buildSettings = {
				ASSETCATALOG_COMPILER_APPICON_NAME = AppIcon;
				CODE_SIGN_STYLE = Automatic;
				DEVELOPMENT_TEAM = 4S5QJYZKK2;
				INFOPLIST_FILE = "Super Mario Swift iOS/Info.plist";
				IPHONEOS_DEPLOYMENT_TARGET = 13.6;
				LD_RUNPATH_SEARCH_PATHS = (
					"$(inherited)",
					"@executable_path/Frameworks",
				);
				PRODUCT_BUNDLE_IDENTIFIER = "Kuo.Super-Mario-Swift";
				PRODUCT_NAME = "Super Mario Swift";
				SDKROOT = iphoneos;
				SWIFT_VERSION = 5.0;
				TARGETED_DEVICE_FAMILY = "1,2";
			};
			name = Debug;
		};
		D7E7D5E224E295F8006511BB /* Release */ = {
			isa = XCBuildConfiguration;
			buildSettings = {
				ASSETCATALOG_COMPILER_APPICON_NAME = AppIcon;
				CODE_SIGN_STYLE = Automatic;
				DEVELOPMENT_TEAM = 4S5QJYZKK2;
				INFOPLIST_FILE = "Super Mario Swift iOS/Info.plist";
				IPHONEOS_DEPLOYMENT_TARGET = 13.6;
				LD_RUNPATH_SEARCH_PATHS = (
					"$(inherited)",
					"@executable_path/Frameworks",
				);
				PRODUCT_BUNDLE_IDENTIFIER = "Kuo.Super-Mario-Swift";
				PRODUCT_NAME = "Super Mario Swift";
				SDKROOT = iphoneos;
				SWIFT_VERSION = 5.0;
				TARGETED_DEVICE_FAMILY = "1,2";
				VALIDATE_PRODUCT = YES;
			};
			name = Release;
		};
		D7E7D5E424E295F8006511BB /* Debug */ = {
			isa = XCBuildConfiguration;
			buildSettings = {
				ASSETCATALOG_COMPILER_APPICON_NAME = AppIcon;
				CODE_SIGN_STYLE = Automatic;
				COMBINE_HIDPI_IMAGES = YES;
				DEVELOPMENT_TEAM = 4S5QJYZKK2;
				ENABLE_HARDENED_RUNTIME = YES;
				INFOPLIST_FILE = "Super Mario Swift macOS/Info.plist";
				LD_RUNPATH_SEARCH_PATHS = (
					"$(inherited)",
					"@executable_path/../Frameworks",
				);
				MACOSX_DEPLOYMENT_TARGET = 10.15;
				PRODUCT_BUNDLE_IDENTIFIER = "Kuo.Super-Mario-Swift";
				PRODUCT_NAME = "Super Mario Swift";
				SDKROOT = macosx;
				SWIFT_VERSION = 5.0;
			};
			name = Debug;
		};
		D7E7D5E524E295F8006511BB /* Release */ = {
			isa = XCBuildConfiguration;
			buildSettings = {
				ASSETCATALOG_COMPILER_APPICON_NAME = AppIcon;
				CODE_SIGN_STYLE = Automatic;
				COMBINE_HIDPI_IMAGES = YES;
				DEVELOPMENT_TEAM = 4S5QJYZKK2;
				ENABLE_HARDENED_RUNTIME = YES;
				INFOPLIST_FILE = "Super Mario Swift macOS/Info.plist";
				LD_RUNPATH_SEARCH_PATHS = (
					"$(inherited)",
					"@executable_path/../Frameworks",
				);
				MACOSX_DEPLOYMENT_TARGET = 10.15;
				PRODUCT_BUNDLE_IDENTIFIER = "Kuo.Super-Mario-Swift";
				PRODUCT_NAME = "Super Mario Swift";
				SDKROOT = macosx;
				SWIFT_VERSION = 5.0;
			};
			name = Release;
		};
/* End XCBuildConfiguration section */

/* Begin XCConfigurationList section */
		D7E7D5B024E295F6006511BB /* Build configuration list for PBXProject "Super Mario Swift" */ = {
			isa = XCConfigurationList;
			buildConfigurations = (
				D7E7D5DE24E295F8006511BB /* Debug */,
				D7E7D5DF24E295F8006511BB /* Release */,
			);
			defaultConfigurationIsVisible = 0;
			defaultConfigurationName = Release;
		};
		D7E7D5E024E295F8006511BB /* Build configuration list for PBXNativeTarget "Super Mario Swift iOS" */ = {
			isa = XCConfigurationList;
			buildConfigurations = (
				D7E7D5E124E295F8006511BB /* Debug */,
				D7E7D5E224E295F8006511BB /* Release */,
			);
			defaultConfigurationIsVisible = 0;
			defaultConfigurationName = Release;
		};
		D7E7D5E324E295F8006511BB /* Build configuration list for PBXNativeTarget "Super Mario Swift macOS" */ = {
			isa = XCConfigurationList;
			buildConfigurations = (
				D7E7D5E424E295F8006511BB /* Debug */,
				D7E7D5E524E295F8006511BB /* Release */,
			);
			defaultConfigurationIsVisible = 0;
			defaultConfigurationName = Release;
		};
/* End XCConfigurationList section */
	};
	rootObject = D7E7D5AD24E295F6006511BB /* Project object */;
}
